
Microsoft Visual Studio Solution File, Format Version 12.00
# Visual Studio Version 16
VisualStudioVersion = 16.0.30002.166
MinimumVisualStudioVersion = 10.0.40219.1
Project("{9A19103F-16F7-4668-BE54-9A1E7A4F7556}") = "CommandQuery.Framing", "src\CommandQuery.Framing\CommandQuery.Framing.csproj", "{A376C469-E54A-4A63-9F67-830C692E5AE8}"
EndProject
Project("{9A19103F-16F7-4668-BE54-9A1E7A4F7556}") = "CommandQueryApiSample", "sample\CommandQueryApiSample.csproj", "{B1F29C1A-633F-47C8-8D2A-DA056B8CD838}"
EndProject
Global
	GlobalSection(SolutionConfigurationPlatforms) = preSolution
		Debug|Any CPU = Debug|Any CPU
		Release|Any CPU = Release|Any CPU
	EndGlobalSection
	GlobalSection(ProjectConfigurationPlatforms) = postSolution
		{A376C469-E54A-4A63-9F67-830C692E5AE8}.Debug|Any CPU.ActiveCfg = Debug|Any CPU
		{A376C469-E54A-4A63-9F67-830C692E5AE8}.Debug|Any CPU.Build.0 = Debug|Any CPU
		{A376C469-E54A-4A63-9F67-830C692E5AE8}.Release|Any CPU.ActiveCfg = Release|Any CPU
		{A376C469-E54A-4A63-9F67-830C692E5AE8}.Release|Any CPU.Build.0 = Release|Any CPU
		{B1F29C1A-633F-47C8-8D2A-DA056B8CD838}.Debug|Any CPU.ActiveCfg = Debug|Any CPU
		{B1F29C1A-633F-47C8-8D2A-DA056B8CD838}.Debug|Any CPU.Build.0 = Debug|Any CPU
		{B1F29C1A-633F-47C8-8D2A-DA056B8CD838}.Release|Any CPU.ActiveCfg = Release|Any CPU
		{B1F29C1A-633F-47C8-8D2A-DA056B8CD838}.Release|Any CPU.Build.0 = Release|Any CPU
	EndGlobalSection
	GlobalSection(SolutionProperties) = preSolution
		HideSolutionNode = FALSE
	EndGlobalSection
	GlobalSection(ExtensibilityGlobals) = postSolution
		SolutionGuid = {6823F308-E24E-4BE0-9FF1-31DA8CEC4FA6}
	EndGlobalSection
EndGlobal
